{
  "requires": true,
  "lockfileVersion": 1,
  "dependencies": {
    "oracledb": {
      "version": "5.0.0",
      "resolved": "https://registry.npmjs.org/oracledb/-/oracledb-5.0.0.tgz",
      "integrity": "sha512-NLE3t6KiAkpBHA1/zgjNiKaa9Z4Nnp4PuB3d0b3Kz4C8klrIrMKfHIGUySlwqgDW588m7/2hnPxU7PH6wjBd6g=="
    },
    "readfile": {
      "version": "1.0.1",
      "resolved": "https://registry.npmjs.org/readfile/-/readfile-1.0.1.tgz",
      "integrity": "sha1-Xlw2dpCzH7MxhFKWA2OVnAMjekg="
    }
  }
}
